
Microsoft Visual Studio Solution File, Format Version 12.00
# Visual Studio Version 16
VisualStudioVersion = 16.0.29123.88
MinimumVisualStudioVersion = 10.0.40219.1
Project("{FAE04EC0-301F-11D3-BF4B-00C04F79EFBC}") = "Digital_Club_Remainder", "Digital_Club_Remainder.csproj", "{1645E7CD-D307-408F-A302-4A2D659576E3}"
EndProject
Global
	GlobalSection(SolutionConfigurationPlatforms) = preSolution
		Debug|Any CPU = Debug|Any CPU
		Release|Any CPU = Release|Any CPU
	EndGlobalSection
	GlobalSection(ProjectConfigurationPlatforms) = postSolution
		{1645E7CD-D307-408F-A302-4A2D659576E3}.Debug|Any CPU.ActiveCfg = Debug|Any CPU
		{1645E7CD-D307-408F-A302-4A2D659576E3}.Debug|Any CPU.Build.0 = Debug|Any CPU
		{1645E7CD-D307-408F-A302-4A2D659576E3}.Release|Any CPU.ActiveCfg = Release|Any CPU
		{1645E7CD-D307-408F-A302-4A2D659576E3}.Release|Any CPU.Build.0 = Release|Any CPU
	EndGlobalSection
	GlobalSection(SolutionProperties) = preSolution
		HideSolutionNode = FALSE
	EndGlobalSection
	GlobalSection(ExtensibilityGlobals) = postSolution
		SolutionGuid = {54B6C59F-4697-4D1F-9CFC-5A1AE566AF51}
	EndGlobalSection
EndGlobal
